<Solution>
  <Folder Name="/Solution Items/">
    <File Path=".gitignore" />
    <File Path="API Tests/PaymentSub.http" />
    <File Path="API Tests/Tier.http" />
    <File Path="README.md" />
  </Folder>
  <Project Path="GymSystem.Api/GymSystem.Api.csproj" />
  <Project Path="GymSystem.Shared/GymSystem.Shared.csproj" />
  <Project Path="GymSystem.Web/GymSystem.Web.csproj" />
</Solution>
