<Solution>
  <Folder Name="/Solution Items/">
    <File Path=".gitignore" />
    <File Path="API Tests/Branch.http" />
    <File Path="API Tests/LLM.http" />
    <File Path="API Tests/QR.http" />
    <File Path="API Tests/Subscriptions.http" />
    <File Path="API Tests/Trainer.http" />
    <File Path="README.md" />
  </Folder>
  <Project Path="GymSystem.Api/GymSystem.Api.csproj" />
  <Project Path="GymSystem.Shared/GymSystem.Shared.csproj" />
  <Project Path="GymSystem.Tests/GymSystem.Tests.csproj" />
  <Project Path="GymSystem.Web/GymSystem.Web.csproj" />
</Solution>
